{
  "version": "4",
  "specifiers": {
    "npm:@yurkimus/types@0.2.1": "0.2.1"
  },
  "npm": {
    "@yurkimus/types@0.2.1": {
      "integrity": "sha512-eHABWuuMFq0Jo/HWK6I4YkHb3TrxiJyIVQaEL4GQUdcRiBNCRlL4UmHawaXHPG15LtWXEmNX1if4xgwcLklK7w=="
    }
  },
  "workspace": {
    "dependencies": [
      "npm:@yurkimus/types@0.2.1"
    ],
    "packageJson": {
      "dependencies": [
        "npm:@yurkimus/types@0.2.1"
      ]
    }
  }
}
