{
  "version": "4",
  "remote": {
    "https://raw.githubusercontent.com/yurkimus/types/main/source/index.js": "55d9d59e538e7c73a6558e4657281517bb26bdcfcea2fc05a4db5228243cedcf"
  },
  "workspace": {
    "packageJson": {
      "dependencies": [
        "npm:@yurkimus/types@0.2.1"
      ]
    }
  }
}
