{
  "name": "@yurkimus/curry",
  "version": "0.0.6",
  "lockfileVersion": 3,
  "requires": true,
  "packages": {
    "": {
      "name": "@yurkimus/curry",
      "version": "0.0.6",
      "dependencies": {
        "@yurkimus/types": "npm:@yurkimus/types"
      }
    },
    "node_modules/.deno/@yurkimus+types@0.0.16/node_modules/@yurkimus/types": {
      "version": "0.0.16"
    },
    "node_modules/@yurkimus/types": {
      "resolved": "node_modules/.deno/@yurkimus+types@0.0.16/node_modules/@yurkimus/types",
      "link": true
    }
  }
}
