{
  "name": "@yurkimus/curry",
  "version": "0.0.5",
  "lockfileVersion": 3,
  "requires": true,
  "packages": {
    "": {
      "name": "@yurkimus/curry",
      "version": "0.0.5",
      "dependencies": {
        "@yurkimus/types": "github:yurkimus/types"
      }
    },
    "node_modules/@yurkimus/types": {
      "version": "0.0.15",
      "resolved": "git+ssh://git@github.com/yurkimus/types.git#e7e03e4838c690a2c3049d274d87631f9c65288d"
    }
  }
}
